
Microsoft Visual Studio Solution File, Format Version 12.00
# Visual Studio 14
VisualStudioVersion = 14.0.25420.1
MinimumVisualStudioVersion = 10.0.40219.1
Project("{FAE04EC0-301F-11D3-BF4B-00C04F79EFBC}") = "01.Lab-Generix", "01.Lab-Generix.csproj", "{62BADA93-E242-4200-9866-AEBC23BD5A69}"
EndProject
Project("{FAE04EC0-301F-11D3-BF4B-00C04F79EFBC}") = "03.GenericScale", "03.GenericScale\03.GenericScale.csproj", "{A3E8F7C9-6C54-4BA5-B412-E626791039F6}"
EndProject
Project("{FAE04EC0-301F-11D3-BF4B-00C04F79EFBC}") = "02.ArrayCreator", "..\02.ArrayCreator\02.ArrayCreator.csproj", "{402A4A86-4E76-4BB2-A667-157053AE346D}"
EndProject
Global
	GlobalSection(SolutionConfigurationPlatforms) = preSolution
		Debug|Any CPU = Debug|Any CPU
		Release|Any CPU = Release|Any CPU
	EndGlobalSection
	GlobalSection(ProjectConfigurationPlatforms) = postSolution
		{62BADA93-E242-4200-9866-AEBC23BD5A69}.Debug|Any CPU.ActiveCfg = Debug|Any CPU
		{62BADA93-E242-4200-9866-AEBC23BD5A69}.Debug|Any CPU.Build.0 = Debug|Any CPU
		{62BADA93-E242-4200-9866-AEBC23BD5A69}.Release|Any CPU.ActiveCfg = Release|Any CPU
		{62BADA93-E242-4200-9866-AEBC23BD5A69}.Release|Any CPU.Build.0 = Release|Any CPU
		{A3E8F7C9-6C54-4BA5-B412-E626791039F6}.Debug|Any CPU.ActiveCfg = Debug|Any CPU
		{A3E8F7C9-6C54-4BA5-B412-E626791039F6}.Debug|Any CPU.Build.0 = Debug|Any CPU
		{A3E8F7C9-6C54-4BA5-B412-E626791039F6}.Release|Any CPU.ActiveCfg = Release|Any CPU
		{A3E8F7C9-6C54-4BA5-B412-E626791039F6}.Release|Any CPU.Build.0 = Release|Any CPU
		{402A4A86-4E76-4BB2-A667-157053AE346D}.Debug|Any CPU.ActiveCfg = Debug|Any CPU
		{402A4A86-4E76-4BB2-A667-157053AE346D}.Debug|Any CPU.Build.0 = Debug|Any CPU
		{402A4A86-4E76-4BB2-A667-157053AE346D}.Release|Any CPU.ActiveCfg = Release|Any CPU
		{402A4A86-4E76-4BB2-A667-157053AE346D}.Release|Any CPU.Build.0 = Release|Any CPU
	EndGlobalSection
	GlobalSection(SolutionProperties) = preSolution
		HideSolutionNode = FALSE
	EndGlobalSection
EndGlobal
